
Microsoft Visual Studio Solution File, Format Version 12.00
# Visual Studio 15
VisualStudioVersion = 15.0.28010.2041
MinimumVisualStudioVersion = 10.0.40219.1
Project("{FAE04EC0-301F-11D3-BF4B-00C04F79EFBC}") = "LyricHelp_bot v2.0", "LyricHelp_bot v2.0\LyricHelp_bot v2.0.csproj", "{EB16474E-3FCE-439E-B8CC-0B082B34B587}"
EndProject
Global
	GlobalSection(SolutionConfigurationPlatforms) = preSolution
		Debug|Any CPU = Debug|Any CPU
		Release|Any CPU = Release|Any CPU
	EndGlobalSection
	GlobalSection(ProjectConfigurationPlatforms) = postSolution
		{EB16474E-3FCE-439E-B8CC-0B082B34B587}.Debug|Any CPU.ActiveCfg = Debug|Any CPU
		{EB16474E-3FCE-439E-B8CC-0B082B34B587}.Debug|Any CPU.Build.0 = Debug|Any CPU
		{EB16474E-3FCE-439E-B8CC-0B082B34B587}.Release|Any CPU.ActiveCfg = Release|Any CPU
		{EB16474E-3FCE-439E-B8CC-0B082B34B587}.Release|Any CPU.Build.0 = Release|Any CPU
	EndGlobalSection
	GlobalSection(SolutionProperties) = preSolution
		HideSolutionNode = FALSE
	EndGlobalSection
	GlobalSection(ExtensibilityGlobals) = postSolution
		SolutionGuid = {C5A7D7B2-C85B-4D43-B63C-B8FB15A31AF6}
	EndGlobalSection
EndGlobal
